{
  "nodes": {
    "dbus-upower-monitor": {
      "inputs": {
        "flake-utils": "flake-utils",
        "naersk": "naersk",
        "nixpkgs": "nixpkgs_2"
      },
      "locked": {
        "lastModified": 1694113368,
        "narHash": "sha256-/x9UIow/zBUzfpPNIQhfOxeV3oZd4HEEgCOqLf5caag=",
        "owner": "partiallyordered",
        "repo": "dbus-upower-monitor",
        "rev": "dec34b9daed398226ea31f6465ce388fa153b184",
        "type": "github"
      },
      "original": {
        "owner": "partiallyordered",
        "ref": "main",
        "repo": "dbus-upower-monitor",
        "type": "github"
      }
    },
    "flake-utils": {
      "inputs": {
        "systems": "systems"
      },
      "locked": {
        "lastModified": 1689068808,
        "narHash": "sha256-6ixXo3wt24N/melDWjq70UuHQLxGV8jZvooRanIHXw0=",
        "owner": "numtide",
        "repo": "flake-utils",
        "rev": "919d646de7be200f3bf08cb76ae1f09402b6f9b4",
        "type": "github"
      },
      "original": {
        "owner": "numtide",
        "repo": "flake-utils",
        "type": "github"
      }
    },
    "getsfattr": {
      "inputs": {
        "naersk": "naersk_2",
        "nixpkgs": "nixpkgs_4",
        "utils": "utils"
      },
      "locked": {
        "lastModified": 1675103051,
        "narHash": "sha256-FX3f5uxZyxrdm++9ZlnuFgaC9AXVVma/vRq5mIJg+6s=",
        "owner": "partiallyordered",
        "repo": "getsfattr",
        "rev": "3a30b9a7cddf625977ee553309ef040ec165daeb",
        "type": "github"
      },
      "original": {
        "owner": "partiallyordered",
        "ref": "main",
        "repo": "getsfattr",
        "type": "github"
      }
    },
    "goris": {
      "inputs": {
        "gorisBin": "gorisBin",
        "nixpkgs": "nixpkgs_5"
      },
      "locked": {
        "lastModified": 1,
        "narHash": "sha256-0j9OFmTfO9g5GE2PFY7uA71CnuxUFXgA6u2TfGF7vUE=",
        "path": "./flakes/goris",
        "type": "path"
      },
      "original": {
        "path": "./flakes/goris",
        "type": "path"
      }
    },
    "gorisBin": {
      "flake": false,
      "locked": {
        "narHash": "sha256-iYAhJGPfsxGecAO3Bh2XBrokadJVzD6xlHIB5Yk6KdQ=",
        "type": "file",
        "url": "https://github.com/tanaikech/goris/releases/download/v3.0.1/goris_linux_amd64"
      },
      "original": {
        "type": "file",
        "url": "https://github.com/tanaikech/goris/releases/download/v3.0.1/goris_linux_amd64"
      }
    },
    "home-manager": {
      "inputs": {
        "nixpkgs": [
          "nixpkgs"
        ]
      },
      "locked": {
        "lastModified": 1700695018,
        "narHash": "sha256-MAiPLgBF4GLzSOlhnPCDWkWW5CDx4i7ApIYaR+TwTVg=",
        "owner": "nix-community",
        "repo": "home-manager",
        "rev": "134deb46abd5d0889d913b8509413f6f38b0811e",
        "type": "github"
      },
      "original": {
        "owner": "nix-community",
        "repo": "home-manager",
        "type": "github"
      }
    },
    "naersk": {
      "inputs": {
        "nixpkgs": "nixpkgs"
      },
      "locked": {
        "lastModified": 1692351612,
        "narHash": "sha256-KTGonidcdaLadRnv9KFgwSMh1ZbXoR/OBmPjeNMhFwU=",
        "owner": "nix-community",
        "repo": "naersk",
        "rev": "78789c30d64dea2396c9da516bbcc8db3a475207",
        "type": "github"
      },
      "original": {
        "owner": "nix-community",
        "repo": "naersk",
        "type": "github"
      }
    },
    "naersk_2": {
      "inputs": {
        "nixpkgs": "nixpkgs_3"
      },
      "locked": {
        "lastModified": 1662220400,
        "narHash": "sha256-9o2OGQqu4xyLZP9K6kNe1pTHnyPz0Wr3raGYnr9AIgY=",
        "owner": "nix-community",
        "repo": "naersk",
        "rev": "6944160c19cb591eb85bbf9b2f2768a935623ed3",
        "type": "github"
      },
      "original": {
        "owner": "nix-community",
        "ref": "master",
        "repo": "naersk",
        "type": "github"
      }
    },
    "nixpkgs": {
      "locked": {
        "lastModified": 1692557222,
        "narHash": "sha256-TCOtZaioLf/jTEgfa+nyg0Nwq5Uc610Z+OFV75yUgGw=",
        "owner": "NixOS",
        "repo": "nixpkgs",
        "rev": "0b07d4957ee1bd7fd3bdfd12db5f361bd70175a6",
        "type": "github"
      },
      "original": {
        "id": "nixpkgs",
        "type": "indirect"
      }
    },
    "nixpkgs_2": {
      "locked": {
        "lastModified": 1692557222,
        "narHash": "sha256-TCOtZaioLf/jTEgfa+nyg0Nwq5Uc610Z+OFV75yUgGw=",
        "owner": "NixOS",
        "repo": "nixpkgs",
        "rev": "0b07d4957ee1bd7fd3bdfd12db5f361bd70175a6",
        "type": "github"
      },
      "original": {
        "owner": "NixOS",
        "ref": "nixpkgs-unstable",
        "repo": "nixpkgs",
        "type": "github"
      }
    },
    "nixpkgs_3": {
      "locked": {
        "lastModified": 1670498129,
        "narHash": "sha256-QOWbsKObHxNpBzrIVJrgR2TGQdwyYNFgBdoVCCvYuDU=",
        "owner": "NixOS",
        "repo": "nixpkgs",
        "rev": "52665b05cfd702e12b877aa519b62374d003231a",
        "type": "github"
      },
      "original": {
        "id": "nixpkgs",
        "type": "indirect"
      }
    },
    "nixpkgs_4": {
      "locked": {
        "lastModified": 1670498129,
        "narHash": "sha256-QOWbsKObHxNpBzrIVJrgR2TGQdwyYNFgBdoVCCvYuDU=",
        "owner": "NixOS",
        "repo": "nixpkgs",
        "rev": "52665b05cfd702e12b877aa519b62374d003231a",
        "type": "github"
      },
      "original": {
        "owner": "NixOS",
        "ref": "nixpkgs-unstable",
        "repo": "nixpkgs",
        "type": "github"
      }
    },
    "nixpkgs_5": {
      "locked": {
        "lastModified": 1671021324,
        "narHash": "sha256-MDB6TncBzBCvAgQmjNn14VIaO5wdbxExp8NGP990Udk=",
        "owner": "nixos",
        "repo": "nixpkgs",
        "rev": "62433a4892603c523840a67e50b6631c37adb928",
        "type": "github"
      },
      "original": {
        "owner": "nixos",
        "ref": "nixos-unstable",
        "repo": "nixpkgs",
        "type": "github"
      }
    },
    "nixpkgs_6": {
      "locked": {
        "lastModified": 1700390070,
        "narHash": "sha256-de9KYi8rSJpqvBfNwscWdalIJXPo8NjdIZcEJum1mH0=",
        "owner": "nixos",
        "repo": "nixpkgs",
        "rev": "e4ad989506ec7d71f7302cc3067abd82730a4beb",
        "type": "github"
      },
      "original": {
        "owner": "nixos",
        "ref": "nixos-unstable",
        "repo": "nixpkgs",
        "type": "github"
      }
    },
    "nixpkgs_7": {
      "locked": {
        "lastModified": 1701253981,
        "narHash": "sha256-ztaDIyZ7HrTAfEEUt9AtTDNoCYxUdSd6NrRHaYOIxtk=",
        "owner": "nixos",
        "repo": "nixpkgs",
        "rev": "e92039b55bcd58469325ded85d4f58dd5a4eaf58",
        "type": "github"
      },
      "original": {
        "owner": "nixos",
        "ref": "nixos-unstable",
        "repo": "nixpkgs",
        "type": "github"
      }
    },
    "nur": {
      "locked": {
        "lastModified": 1700757912,
        "narHash": "sha256-F/BxjKmPYSnZNoGQDPeu7EMjrCIcjGTT/6VmJxFJRS8=",
        "owner": "nix-community",
        "repo": "NUR",
        "rev": "002f5d738bfea6272d286678868de7693414362b",
        "type": "github"
      },
      "original": {
        "owner": "nix-community",
        "repo": "NUR",
        "type": "github"
      }
    },
    "root": {
      "inputs": {
        "dbus-upower-monitor": "dbus-upower-monitor",
        "getsfattr": "getsfattr",
        "goris": "goris",
        "home-manager": "home-manager",
        "nixpkgs": "nixpkgs_6",
        "nur": "nur",
        "usbresetInput": "usbresetInput"
      }
    },
    "systems": {
      "locked": {
        "lastModified": 1681028828,
        "narHash": "sha256-Vy1rq5AaRuLzOxct8nz4T6wlgyUR7zLU309k9mBC768=",
        "owner": "nix-systems",
        "repo": "default",
        "rev": "da67096a3b9bf56a91d16901293e51ba5b49a27e",
        "type": "github"
      },
      "original": {
        "owner": "nix-systems",
        "repo": "default",
        "type": "github"
      }
    },
    "usbResetSrc": {
      "flake": false,
      "locked": {
        "lastModified": 1591903270,
        "narHash": "sha256-ONQTSK/HqqV14gFe5n9DlMmioGwQL7AH8ENvZ/uU+xs=",
        "owner": "Strykar",
        "repo": "usbreset",
        "rev": "9865c10be232f7cd761f2917d9b82aa072ab864e",
        "type": "github"
      },
      "original": {
        "owner": "Strykar",
        "repo": "usbreset",
        "type": "github"
      }
    },
    "usbresetInput": {
      "inputs": {
        "nixpkgs": "nixpkgs_7",
        "usbResetSrc": "usbResetSrc"
      },
      "locked": {
        "lastModified": 1,
        "narHash": "sha256-hpfhZCJ2MKKtAniCjI6ECfb0Uw6rVj50IWkNNMRXygY=",
        "path": "./flakes/usbreset",
        "type": "path"
      },
      "original": {
        "path": "./flakes/usbreset",
        "type": "path"
      }
    },
    "utils": {
      "locked": {
        "lastModified": 1667395993,
        "narHash": "sha256-nuEHfE/LcWyuSWnS8t12N1wc105Qtau+/OdUAjtQ0rA=",
        "owner": "numtide",
        "repo": "flake-utils",
        "rev": "5aed5285a952e0b949eb3ba02c12fa4fcfef535f",
        "type": "github"
      },
      "original": {
        "owner": "numtide",
        "repo": "flake-utils",
        "type": "github"
      }
    }
  },
  "root": "root",
  "version": 7
}
