{
  "nodes": {
    "getsfattr": {
      "inputs": {
        "naersk": "naersk",
        "nixpkgs": "nixpkgs_2",
        "utils": "utils"
      },
      "locked": {
        "lastModified": 1675103051,
        "narHash": "sha256-FX3f5uxZyxrdm++9ZlnuFgaC9AXVVma/vRq5mIJg+6s=",
        "owner": "partiallyordered",
        "repo": "getsfattr",
        "rev": "3a30b9a7cddf625977ee553309ef040ec165daeb",
        "type": "github"
      },
      "original": {
        "owner": "partiallyordered",
        "ref": "main",
        "repo": "getsfattr",
        "type": "github"
      }
    },
    "goris": {
      "inputs": {
        "gorisBin": "gorisBin",
        "nixpkgs": "nixpkgs_3"
      },
      "locked": {
        "lastModified": 1,
        "narHash": "sha256-0j9OFmTfO9g5GE2PFY7uA71CnuxUFXgA6u2TfGF7vUE=",
        "path": "./flakes/goris",
        "type": "path"
      },
      "original": {
        "path": "./flakes/goris",
        "type": "path"
      }
    },
    "gorisBin": {
      "flake": false,
      "locked": {
        "narHash": "sha256-iYAhJGPfsxGecAO3Bh2XBrokadJVzD6xlHIB5Yk6KdQ=",
        "type": "file",
        "url": "https://github.com/tanaikech/goris/releases/download/v3.0.1/goris_linux_amd64"
      },
      "original": {
        "type": "file",
        "url": "https://github.com/tanaikech/goris/releases/download/v3.0.1/goris_linux_amd64"
      }
    },
    "home-manager": {
      "inputs": {
        "nixpkgs": [
          "nixpkgs"
        ],
        "utils": "utils_2"
      },
      "locked": {
        "lastModified": 1677104801,
        "narHash": "sha256-2V5nKOYVFMYlseYdDKiEaww2xqcE0GtS1ax3SoUX99I=",
        "owner": "nix-community",
        "repo": "home-manager",
        "rev": "4295fdfa6b0005c32f2e1f0b732faf5810c1bc7f",
        "type": "github"
      },
      "original": {
        "owner": "nix-community",
        "repo": "home-manager",
        "type": "github"
      }
    },
    "naersk": {
      "inputs": {
        "nixpkgs": "nixpkgs"
      },
      "locked": {
        "lastModified": 1662220400,
        "narHash": "sha256-9o2OGQqu4xyLZP9K6kNe1pTHnyPz0Wr3raGYnr9AIgY=",
        "owner": "nix-community",
        "repo": "naersk",
        "rev": "6944160c19cb591eb85bbf9b2f2768a935623ed3",
        "type": "github"
      },
      "original": {
        "owner": "nix-community",
        "ref": "master",
        "repo": "naersk",
        "type": "github"
      }
    },
    "nixpkgs": {
      "locked": {
        "lastModified": 1670498129,
        "narHash": "sha256-QOWbsKObHxNpBzrIVJrgR2TGQdwyYNFgBdoVCCvYuDU=",
        "owner": "NixOS",
        "repo": "nixpkgs",
        "rev": "52665b05cfd702e12b877aa519b62374d003231a",
        "type": "github"
      },
      "original": {
        "id": "nixpkgs",
        "type": "indirect"
      }
    },
    "nixpkgs_2": {
      "locked": {
        "lastModified": 1670498129,
        "narHash": "sha256-QOWbsKObHxNpBzrIVJrgR2TGQdwyYNFgBdoVCCvYuDU=",
        "owner": "NixOS",
        "repo": "nixpkgs",
        "rev": "52665b05cfd702e12b877aa519b62374d003231a",
        "type": "github"
      },
      "original": {
        "owner": "NixOS",
        "ref": "nixpkgs-unstable",
        "repo": "nixpkgs",
        "type": "github"
      }
    },
    "nixpkgs_3": {
      "locked": {
        "lastModified": 1671021324,
        "narHash": "sha256-MDB6TncBzBCvAgQmjNn14VIaO5wdbxExp8NGP990Udk=",
        "owner": "nixos",
        "repo": "nixpkgs",
        "rev": "62433a4892603c523840a67e50b6631c37adb928",
        "type": "github"
      },
      "original": {
        "owner": "nixos",
        "ref": "nixos-unstable",
        "repo": "nixpkgs",
        "type": "github"
      }
    },
    "nixpkgs_4": {
      "locked": {
        "lastModified": 1677063315,
        "narHash": "sha256-qiB4ajTeAOVnVSAwCNEEkoybrAlA+cpeiBxLobHndE8=",
        "owner": "nixos",
        "repo": "nixpkgs",
        "rev": "988cc958c57ce4350ec248d2d53087777f9e1949",
        "type": "github"
      },
      "original": {
        "owner": "nixos",
        "ref": "nixos-unstable",
        "repo": "nixpkgs",
        "type": "github"
      }
    },
    "nur": {
      "locked": {
        "lastModified": 1677228508,
        "narHash": "sha256-yDvMd/7KRxtJdDwaPOYt60y7FyqJ6V08mrpcUhNJT5Q=",
        "owner": "nix-community",
        "repo": "NUR",
        "rev": "d7b060c9c49c18be0362975b94d489bc75810e39",
        "type": "github"
      },
      "original": {
        "owner": "nix-community",
        "repo": "NUR",
        "type": "github"
      }
    },
    "root": {
      "inputs": {
        "getsfattr": "getsfattr",
        "goris": "goris",
        "home-manager": "home-manager",
        "nixpkgs": "nixpkgs_4",
        "nur": "nur"
      }
    },
    "utils": {
      "locked": {
        "lastModified": 1667395993,
        "narHash": "sha256-nuEHfE/LcWyuSWnS8t12N1wc105Qtau+/OdUAjtQ0rA=",
        "owner": "numtide",
        "repo": "flake-utils",
        "rev": "5aed5285a952e0b949eb3ba02c12fa4fcfef535f",
        "type": "github"
      },
      "original": {
        "owner": "numtide",
        "repo": "flake-utils",
        "type": "github"
      }
    },
    "utils_2": {
      "locked": {
        "lastModified": 1667395993,
        "narHash": "sha256-nuEHfE/LcWyuSWnS8t12N1wc105Qtau+/OdUAjtQ0rA=",
        "owner": "numtide",
        "repo": "flake-utils",
        "rev": "5aed5285a952e0b949eb3ba02c12fa4fcfef535f",
        "type": "github"
      },
      "original": {
        "owner": "numtide",
        "repo": "flake-utils",
        "type": "github"
      }
    }
  },
  "root": "root",
  "version": 7
}
